
Microsoft Visual Studio Solution File, Format Version 12.00
# Visual Studio Version 17
VisualStudioVersion = 17.0.31903.59
MinimumVisualStudioVersion = 10.0.40219.1
Project("{FAE04EC0-301F-11D3-BF4B-00C04F79EFBC}") = "TodoList.Api", "TodoList.Api\TodoList.Api.csproj", "{F939D086-223C-4879-B688-F2A60D2AC932}"
EndProject
Project("{FAE04EC0-301F-11D3-BF4B-00C04F79EFBC}") = "TodoList.Domain", "TodoList.Domain\TodoList.Domain.csproj", "{03FA04E2-0068-4A17-B70A-D4AFEC18333E}"
EndProject
Project("{FAE04EC0-301F-11D3-BF4B-00C04F79EFBC}") = "TodoList.Infrastructure", "TodoList.Infrastructure\TodoList.Infrastructure.csproj", "{37C9E8AE-5A66-467E-98F7-0308749634CE}"
EndProject
Project("{FAE04EC0-301F-11D3-BF4B-00C04F79EFBC}") = "TodoList.Application", "TodoList.Application\TodoList.Application.csproj", "{BCAFBBE8-E9A5-4418-A56E-B7E8452412D8}"
EndProject
Project("{FAE04EC0-301F-11D3-BF4B-00C04F79EFBC}") = "TodoList.Config", "TodoList.Config\TodoList.Config.csproj", "{56BF5B5F-D45D-43DA-B3BF-4D32AB7B120B}"
EndProject
Global
	GlobalSection(SolutionConfigurationPlatforms) = preSolution
		Debug|Any CPU = Debug|Any CPU
		Debug|x64 = Debug|x64
		Debug|x86 = Debug|x86
		Release|Any CPU = Release|Any CPU
		Release|x64 = Release|x64
		Release|x86 = Release|x86
	EndGlobalSection
	GlobalSection(ProjectConfigurationPlatforms) = postSolution
		{F939D086-223C-4879-B688-F2A60D2AC932}.Debug|Any CPU.ActiveCfg = Debug|Any CPU
		{F939D086-223C-4879-B688-F2A60D2AC932}.Debug|Any CPU.Build.0 = Debug|Any CPU
		{F939D086-223C-4879-B688-F2A60D2AC932}.Debug|x64.ActiveCfg = Debug|Any CPU
		{F939D086-223C-4879-B688-F2A60D2AC932}.Debug|x64.Build.0 = Debug|Any CPU
		{F939D086-223C-4879-B688-F2A60D2AC932}.Debug|x86.ActiveCfg = Debug|Any CPU
		{F939D086-223C-4879-B688-F2A60D2AC932}.Debug|x86.Build.0 = Debug|Any CPU
		{F939D086-223C-4879-B688-F2A60D2AC932}.Release|Any CPU.ActiveCfg = Release|Any CPU
		{F939D086-223C-4879-B688-F2A60D2AC932}.Release|Any CPU.Build.0 = Release|Any CPU
		{F939D086-223C-4879-B688-F2A60D2AC932}.Release|x64.ActiveCfg = Release|Any CPU
		{F939D086-223C-4879-B688-F2A60D2AC932}.Release|x64.Build.0 = Release|Any CPU
		{F939D086-223C-4879-B688-F2A60D2AC932}.Release|x86.ActiveCfg = Release|Any CPU
		{F939D086-223C-4879-B688-F2A60D2AC932}.Release|x86.Build.0 = Release|Any CPU
		{03FA04E2-0068-4A17-B70A-D4AFEC18333E}.Debug|Any CPU.ActiveCfg = Debug|Any CPU
		{03FA04E2-0068-4A17-B70A-D4AFEC18333E}.Debug|Any CPU.Build.0 = Debug|Any CPU
		{03FA04E2-0068-4A17-B70A-D4AFEC18333E}.Debug|x64.ActiveCfg = Debug|Any CPU
		{03FA04E2-0068-4A17-B70A-D4AFEC18333E}.Debug|x64.Build.0 = Debug|Any CPU
		{03FA04E2-0068-4A17-B70A-D4AFEC18333E}.Debug|x86.ActiveCfg = Debug|Any CPU
		{03FA04E2-0068-4A17-B70A-D4AFEC18333E}.Debug|x86.Build.0 = Debug|Any CPU
		{03FA04E2-0068-4A17-B70A-D4AFEC18333E}.Release|Any CPU.ActiveCfg = Release|Any CPU
		{03FA04E2-0068-4A17-B70A-D4AFEC18333E}.Release|Any CPU.Build.0 = Release|Any CPU
		{03FA04E2-0068-4A17-B70A-D4AFEC18333E}.Release|x64.ActiveCfg = Release|Any CPU
		{03FA04E2-0068-4A17-B70A-D4AFEC18333E}.Release|x64.Build.0 = Release|Any CPU
		{03FA04E2-0068-4A17-B70A-D4AFEC18333E}.Release|x86.ActiveCfg = Release|Any CPU
		{03FA04E2-0068-4A17-B70A-D4AFEC18333E}.Release|x86.Build.0 = Release|Any CPU
		{37C9E8AE-5A66-467E-98F7-0308749634CE}.Debug|Any CPU.ActiveCfg = Debug|Any CPU
		{37C9E8AE-5A66-467E-98F7-0308749634CE}.Debug|Any CPU.Build.0 = Debug|Any CPU
		{37C9E8AE-5A66-467E-98F7-0308749634CE}.Debug|x64.ActiveCfg = Debug|Any CPU
		{37C9E8AE-5A66-467E-98F7-0308749634CE}.Debug|x64.Build.0 = Debug|Any CPU
		{37C9E8AE-5A66-467E-98F7-0308749634CE}.Debug|x86.ActiveCfg = Debug|Any CPU
		{37C9E8AE-5A66-467E-98F7-0308749634CE}.Debug|x86.Build.0 = Debug|Any CPU
		{37C9E8AE-5A66-467E-98F7-0308749634CE}.Release|Any CPU.ActiveCfg = Release|Any CPU
		{37C9E8AE-5A66-467E-98F7-0308749634CE}.Release|Any CPU.Build.0 = Release|Any CPU
		{37C9E8AE-5A66-467E-98F7-0308749634CE}.Release|x64.ActiveCfg = Release|Any CPU
		{37C9E8AE-5A66-467E-98F7-0308749634CE}.Release|x64.Build.0 = Release|Any CPU
		{37C9E8AE-5A66-467E-98F7-0308749634CE}.Release|x86.ActiveCfg = Release|Any CPU
		{37C9E8AE-5A66-467E-98F7-0308749634CE}.Release|x86.Build.0 = Release|Any CPU
		{BCAFBBE8-E9A5-4418-A56E-B7E8452412D8}.Debug|Any CPU.ActiveCfg = Debug|Any CPU
		{BCAFBBE8-E9A5-4418-A56E-B7E8452412D8}.Debug|Any CPU.Build.0 = Debug|Any CPU
		{BCAFBBE8-E9A5-4418-A56E-B7E8452412D8}.Debug|x64.ActiveCfg = Debug|Any CPU
		{BCAFBBE8-E9A5-4418-A56E-B7E8452412D8}.Debug|x64.Build.0 = Debug|Any CPU
		{BCAFBBE8-E9A5-4418-A56E-B7E8452412D8}.Debug|x86.ActiveCfg = Debug|Any CPU
		{BCAFBBE8-E9A5-4418-A56E-B7E8452412D8}.Debug|x86.Build.0 = Debug|Any CPU
		{BCAFBBE8-E9A5-4418-A56E-B7E8452412D8}.Release|Any CPU.ActiveCfg = Release|Any CPU
		{BCAFBBE8-E9A5-4418-A56E-B7E8452412D8}.Release|Any CPU.Build.0 = Release|Any CPU
		{BCAFBBE8-E9A5-4418-A56E-B7E8452412D8}.Release|x64.ActiveCfg = Release|Any CPU
		{BCAFBBE8-E9A5-4418-A56E-B7E8452412D8}.Release|x64.Build.0 = Release|Any CPU
		{BCAFBBE8-E9A5-4418-A56E-B7E8452412D8}.Release|x86.ActiveCfg = Release|Any CPU
		{BCAFBBE8-E9A5-4418-A56E-B7E8452412D8}.Release|x86.Build.0 = Release|Any CPU
		{56BF5B5F-D45D-43DA-B3BF-4D32AB7B120B}.Debug|Any CPU.ActiveCfg = Debug|Any CPU
		{56BF5B5F-D45D-43DA-B3BF-4D32AB7B120B}.Debug|Any CPU.Build.0 = Debug|Any CPU
		{56BF5B5F-D45D-43DA-B3BF-4D32AB7B120B}.Debug|x64.ActiveCfg = Debug|Any CPU
		{56BF5B5F-D45D-43DA-B3BF-4D32AB7B120B}.Debug|x64.Build.0 = Debug|Any CPU
		{56BF5B5F-D45D-43DA-B3BF-4D32AB7B120B}.Debug|x86.ActiveCfg = Debug|Any CPU
		{56BF5B5F-D45D-43DA-B3BF-4D32AB7B120B}.Debug|x86.Build.0 = Debug|Any CPU
		{56BF5B5F-D45D-43DA-B3BF-4D32AB7B120B}.Release|Any CPU.ActiveCfg = Release|Any CPU
		{56BF5B5F-D45D-43DA-B3BF-4D32AB7B120B}.Release|Any CPU.Build.0 = Release|Any CPU
		{56BF5B5F-D45D-43DA-B3BF-4D32AB7B120B}.Release|x64.ActiveCfg = Release|Any CPU
		{56BF5B5F-D45D-43DA-B3BF-4D32AB7B120B}.Release|x64.Build.0 = Release|Any CPU
		{56BF5B5F-D45D-43DA-B3BF-4D32AB7B120B}.Release|x86.ActiveCfg = Release|Any CPU
		{56BF5B5F-D45D-43DA-B3BF-4D32AB7B120B}.Release|x86.Build.0 = Release|Any CPU
	EndGlobalSection
	GlobalSection(SolutionProperties) = preSolution
		HideSolutionNode = FALSE
	EndGlobalSection
EndGlobal
